
Microsoft Visual Studio Solution File, Format Version 12.00
# Visual Studio 14
VisualStudioVersion = 14.0.25420.1
MinimumVisualStudioVersion = 10.0.40219.1
Project("{8BC9CEB8-8B4A-11D0-8D11-00A0C91BC942}") = "RFID_ProMini", "RFID_ProMini\RFID_ProMini.vcxproj", "{C5F80730-F44F-4478-BDAE-6634EFC2CA88}"
EndProject
Project("{8BC9CEB8-8B4A-11D0-8D11-00A0C91BC942}") = "ESP01", "ESP01\ESP01.vcxproj", "{17AC6866-75BB-47D7-8BC3-4CD6A803FE07}"
EndProject
Project("{8BC9CEB8-8B4A-11D0-8D11-00A0C91BC942}") = "ESP01_test", "ESP01_test\ESP01_test.vcxproj", "{F5E60321-B095-4E61-9CD9-5CD033DE12D1}"
EndProject
Global
	GlobalSection(SolutionConfigurationPlatforms) = preSolution
		Debug|x86 = Debug|x86
		Release|x86 = Release|x86
	EndGlobalSection
	GlobalSection(ProjectConfigurationPlatforms) = postSolution
		{C5F80730-F44F-4478-BDAE-6634EFC2CA88}.Debug|x86.ActiveCfg = Debug|Win32
		{C5F80730-F44F-4478-BDAE-6634EFC2CA88}.Debug|x86.Build.0 = Debug|Win32
		{C5F80730-F44F-4478-BDAE-6634EFC2CA88}.Release|x86.ActiveCfg = Release|Win32
		{C5F80730-F44F-4478-BDAE-6634EFC2CA88}.Release|x86.Build.0 = Release|Win32
		{17AC6866-75BB-47D7-8BC3-4CD6A803FE07}.Debug|x86.ActiveCfg = Debug|Win32
		{17AC6866-75BB-47D7-8BC3-4CD6A803FE07}.Debug|x86.Build.0 = Debug|Win32
		{17AC6866-75BB-47D7-8BC3-4CD6A803FE07}.Release|x86.ActiveCfg = Release|Win32
		{17AC6866-75BB-47D7-8BC3-4CD6A803FE07}.Release|x86.Build.0 = Release|Win32
		{F5E60321-B095-4E61-9CD9-5CD033DE12D1}.Debug|x86.ActiveCfg = Debug|Win32
		{F5E60321-B095-4E61-9CD9-5CD033DE12D1}.Debug|x86.Build.0 = Debug|Win32
		{F5E60321-B095-4E61-9CD9-5CD033DE12D1}.Release|x86.ActiveCfg = Release|Win32
		{F5E60321-B095-4E61-9CD9-5CD033DE12D1}.Release|x86.Build.0 = Release|Win32
	EndGlobalSection
	GlobalSection(SolutionProperties) = preSolution
		HideSolutionNode = FALSE
	EndGlobalSection
EndGlobal
